// !$*UTF8*$!
{
	archiveVersion = 1;
	classes = {
	};
	objectVersion = 55;
	objects = {

/* Begin PBXBuildFile section */
		0EB1CFF62689A58E83CCE324 /* Pods_MarvelCharsApp_MarvelCharsAppUITests.framework in Frameworks */ = {isa = PBXBuildFile; fileRef = 4D2B54758A8DCF8AE4E6077E /* Pods_MarvelCharsApp_MarvelCharsAppUITests.framework */; };
		67780455A9C9F49AC9BE61A6 /* Pods_MarvelCharsAppTests.framework in Frameworks */ = {isa = PBXBuildFile; fileRef = BF10CAB61910A0815DC779A6 /* Pods_MarvelCharsAppTests.framework */; };
		84645F7E274E9E1B001A997A /* MarvelAPI.swift in Sources */ = {isa = PBXBuildFile; fileRef = 84645F7D274E9E1B001A997A /* MarvelAPI.swift */; };
		84645F7F274E9E1B001A997A /* MarvelAPI.swift in Sources */ = {isa = PBXBuildFile; fileRef = 84645F7D274E9E1B001A997A /* MarvelAPI.swift */; };
		84645F81274E9E53001A997A /* MarvelAPIModel.swift in Sources */ = {isa = PBXBuildFile; fileRef = 84645F80274E9E53001A997A /* MarvelAPIModel.swift */; };
		84645F82274E9E53001A997A /* MarvelAPIModel.swift in Sources */ = {isa = PBXBuildFile; fileRef = 84645F80274E9E53001A997A /* MarvelAPIModel.swift */; };
		84645F84274EC15A001A997A /* CharacterModel.swift in Sources */ = {isa = PBXBuildFile; fileRef = 84645F83274EC15A001A997A /* CharacterModel.swift */; };
		84645F85274EC15A001A997A /* CharacterModel.swift in Sources */ = {isa = PBXBuildFile; fileRef = 84645F83274EC15A001A997A /* CharacterModel.swift */; };
		846B9981274FC1DE0055F2A6 /* CategoryModel.swift in Sources */ = {isa = PBXBuildFile; fileRef = 846B9980274FC1DE0055F2A6 /* CategoryModel.swift */; };
		846B9982274FC1DE0055F2A6 /* CategoryModel.swift in Sources */ = {isa = PBXBuildFile; fileRef = 846B9980274FC1DE0055F2A6 /* CategoryModel.swift */; };
		846B998627503A740055F2A6 /* CharacterPortraitCell.swift in Sources */ = {isa = PBXBuildFile; fileRef = 846B998427503A740055F2A6 /* CharacterPortraitCell.swift */; };
		846B998727503A740055F2A6 /* CharacterPortraitCell.xib in Resources */ = {isa = PBXBuildFile; fileRef = 846B998527503A740055F2A6 /* CharacterPortraitCell.xib */; };
		846B998C27517D5E0055F2A6 /* CategoryRowCell.swift in Sources */ = {isa = PBXBuildFile; fileRef = 846B998A27517D5E0055F2A6 /* CategoryRowCell.swift */; };
		846B998D27517D5E0055F2A6 /* CategoryRowCell.xib in Resources */ = {isa = PBXBuildFile; fileRef = 846B998B27517D5E0055F2A6 /* CategoryRowCell.xib */; };
		8489D27D275940CD00F57F15 /* MarvelRepository.swift in Sources */ = {isa = PBXBuildFile; fileRef = CE2B85B7275829310059DE45 /* MarvelRepository.swift */; };
		848A2795274D5077000CDBCE /* AppDelegate.swift in Sources */ = {isa = PBXBuildFile; fileRef = 848A2794274D5077000CDBCE /* AppDelegate.swift */; };
		848A2797274D5077000CDBCE /* SceneDelegate.swift in Sources */ = {isa = PBXBuildFile; fileRef = 848A2796274D5077000CDBCE /* SceneDelegate.swift */; };
		848A2799274D5077000CDBCE /* HomeViewController.swift in Sources */ = {isa = PBXBuildFile; fileRef = 848A2798274D5077000CDBCE /* HomeViewController.swift */; };
		848A279C274D5077000CDBCE /* Main.storyboard in Resources */ = {isa = PBXBuildFile; fileRef = 848A279A274D5077000CDBCE /* Main.storyboard */; };
		848A279E274D5079000CDBCE /* Assets.xcassets in Resources */ = {isa = PBXBuildFile; fileRef = 848A279D274D5079000CDBCE /* Assets.xcassets */; };
		848A27A1274D5079000CDBCE /* LaunchScreen.storyboard in Resources */ = {isa = PBXBuildFile; fileRef = 848A279F274D5079000CDBCE /* LaunchScreen.storyboard */; };
		848A27AC274D5079000CDBCE /* MarvelCharsAppTests.swift in Sources */ = {isa = PBXBuildFile; fileRef = 848A27AB274D5079000CDBCE /* MarvelCharsAppTests.swift */; };
		848A27B6274D5079000CDBCE /* MarvelCharsAppUITests.swift in Sources */ = {isa = PBXBuildFile; fileRef = 848A27B5274D5079000CDBCE /* MarvelCharsAppUITests.swift */; };
		848A27B8274D5079000CDBCE /* MarvelCharsAppUITestsLaunchTests.swift in Sources */ = {isa = PBXBuildFile; fileRef = 848A27B7274D5079000CDBCE /* MarvelCharsAppUITestsLaunchTests.swift */; };
		848A27CA274D8BBC000CDBCE /* DetailsViewController.swift in Sources */ = {isa = PBXBuildFile; fileRef = 848A27C9274D8BBC000CDBCE /* DetailsViewController.swift */; };
		848A27CB274D8BBC000CDBCE /* DetailsViewController.swift in Sources */ = {isa = PBXBuildFile; fileRef = 848A27C9274D8BBC000CDBCE /* DetailsViewController.swift */; };
		848A27CC274D8BBC000CDBCE /* DetailsViewController.swift in Sources */ = {isa = PBXBuildFile; fileRef = 848A27C9274D8BBC000CDBCE /* DetailsViewController.swift */; };
		848A27CE274D8C86000CDBCE /* HomeViewModel.swift in Sources */ = {isa = PBXBuildFile; fileRef = 848A27CD274D8C86000CDBCE /* HomeViewModel.swift */; };
		848A27CF274D8C86000CDBCE /* HomeViewModel.swift in Sources */ = {isa = PBXBuildFile; fileRef = 848A27CD274D8C86000CDBCE /* HomeViewModel.swift */; };
		848A27D0274D8C86000CDBCE /* HomeViewModel.swift in Sources */ = {isa = PBXBuildFile; fileRef = 848A27CD274D8C86000CDBCE /* HomeViewModel.swift */; };
		848A27D2274D8CA3000CDBCE /* DetailsViewModel.swift in Sources */ = {isa = PBXBuildFile; fileRef = 848A27D1274D8CA3000CDBCE /* DetailsViewModel.swift */; };
		848A27D3274D8CA3000CDBCE /* DetailsViewModel.swift in Sources */ = {isa = PBXBuildFile; fileRef = 848A27D1274D8CA3000CDBCE /* DetailsViewModel.swift */; };
		848A27D4274D8CA3000CDBCE /* DetailsViewModel.swift in Sources */ = {isa = PBXBuildFile; fileRef = 848A27D1274D8CA3000CDBCE /* DetailsViewModel.swift */; };
		848A27DA274E91AD000CDBCE /* EmptyRepository.swift in Sources */ = {isa = PBXBuildFile; fileRef = 848A27D9274E91AD000CDBCE /* EmptyRepository.swift */; };
		84C7D0F6275DC202000BC67C /* CategoryRowCell.swift in Sources */ = {isa = PBXBuildFile; fileRef = 846B998A27517D5E0055F2A6 /* CategoryRowCell.swift */; };
		84C7D0F7275DC202000BC67C /* CategoryRowCell.swift in Sources */ = {isa = PBXBuildFile; fileRef = 846B998A27517D5E0055F2A6 /* CategoryRowCell.swift */; };
		84C7D0F8275DC20F000BC67C /* CharactersCollectionHeader.swift in Sources */ = {isa = PBXBuildFile; fileRef = 84DC6828275AC410009B9CAD /* CharactersCollectionHeader.swift */; };
		84C7D0F9275DC20F000BC67C /* CharactersCollectionHeader.swift in Sources */ = {isa = PBXBuildFile; fileRef = 84DC6828275AC410009B9CAD /* CharactersCollectionHeader.swift */; };
		84C7D0FA275DC22E000BC67C /* CharacterPortraitCell.swift in Sources */ = {isa = PBXBuildFile; fileRef = 846B998427503A740055F2A6 /* CharacterPortraitCell.swift */; };
		84C7D0FB275DC22E000BC67C /* CharacterPortraitCell.swift in Sources */ = {isa = PBXBuildFile; fileRef = 846B998427503A740055F2A6 /* CharacterPortraitCell.swift */; };
		84C7D0FC275DC27D000BC67C /* UIImageHelper.swift in Sources */ = {isa = PBXBuildFile; fileRef = CE2B85BD27582A660059DE45 /* UIImageHelper.swift */; };
		84C7D0FD275DC27E000BC67C /* UIImageHelper.swift in Sources */ = {isa = PBXBuildFile; fileRef = CE2B85BD27582A660059DE45 /* UIImageHelper.swift */; };
		84DC6820275A4FA4009B9CAD /* CharactersCollectionViewController.swift in Sources */ = {isa = PBXBuildFile; fileRef = 84E54D0C2757D89E00A21EDA /* CharactersCollectionViewController.swift */; };
		84DC6821275A4FA4009B9CAD /* CharactersCollectionViewController.xib in Resources */ = {isa = PBXBuildFile; fileRef = 84E54D0D2757D89E00A21EDA /* CharactersCollectionViewController.xib */; };
		84DC6822275A4FA4009B9CAD /* CharactersCollectionViewController.swift in Sources */ = {isa = PBXBuildFile; fileRef = 84E54D0C2757D89E00A21EDA /* CharactersCollectionViewController.swift */; };
		84DC6823275A4FA4009B9CAD /* CharactersCollectionViewController.xib in Resources */ = {isa = PBXBuildFile; fileRef = 84E54D0D2757D89E00A21EDA /* CharactersCollectionViewController.xib */; };
		84DC682A275AC410009B9CAD /* CharactersCollectionHeader.swift in Sources */ = {isa = PBXBuildFile; fileRef = 84DC6828275AC410009B9CAD /* CharactersCollectionHeader.swift */; };
		84DC682B275AC410009B9CAD /* CharactersCollectionHeader.xib in Resources */ = {isa = PBXBuildFile; fileRef = 84DC6829275AC410009B9CAD /* CharactersCollectionHeader.xib */; };
		84E54D00275727CB00A21EDA /* UIColorHelper.swift in Sources */ = {isa = PBXBuildFile; fileRef = 84E54CFF275727CB00A21EDA /* UIColorHelper.swift */; };
		84E54D022757308600A21EDA /* HomeViewModelTest.swift in Sources */ = {isa = PBXBuildFile; fileRef = 84E54D012757308600A21EDA /* HomeViewModelTest.swift */; };
		84E54D03275731FF00A21EDA /* CharacterModel.swift in Sources */ = {isa = PBXBuildFile; fileRef = 84645F83274EC15A001A997A /* CharacterModel.swift */; };
		84E54D042757320D00A21EDA /* CategoryModel.swift in Sources */ = {isa = PBXBuildFile; fileRef = 846B9980274FC1DE0055F2A6 /* CategoryModel.swift */; };
		84E54D052757321A00A21EDA /* MarvelAPI.swift in Sources */ = {isa = PBXBuildFile; fileRef = 84645F7D274E9E1B001A997A /* MarvelAPI.swift */; };
		84E54D062757326E00A21EDA /* MarvelAPIModel.swift in Sources */ = {isa = PBXBuildFile; fileRef = 84645F80274E9E53001A997A /* MarvelAPIModel.swift */; };
		84E54D08275734AC00A21EDA /* CategoryModelTest.swift in Sources */ = {isa = PBXBuildFile; fileRef = 84E54D07275734AC00A21EDA /* CategoryModelTest.swift */; };
		84E54D0A2757428D00A21EDA /* CharacterModelTest.swift in Sources */ = {isa = PBXBuildFile; fileRef = 84E54D092757428D00A21EDA /* CharacterModelTest.swift */; };
		84E54D0E2757D89E00A21EDA /* CharactersCollectionViewController.swift in Sources */ = {isa = PBXBuildFile; fileRef = 84E54D0C2757D89E00A21EDA /* CharactersCollectionViewController.swift */; };
		84E54D112757D89E00A21EDA /* CharactersCollectionViewController.xib in Resources */ = {isa = PBXBuildFile; fileRef = 84E54D0D2757D89E00A21EDA /* CharactersCollectionViewController.xib */; };
		AABDB61E59799ABEEE1E020A /* Pods_MarvelCharsApp.framework in Frameworks */ = {isa = PBXBuildFile; fileRef = C1A3292B88C2AFAD7D69F47C /* Pods_MarvelCharsApp.framework */; };
		C017B7AA2755A40A002A8E3F /* gilroy-bold.ttf in Resources */ = {isa = PBXBuildFile; fileRef = C017B7A52755A3FF002A8E3F /* gilroy-bold.ttf */; };
		C017B7AB2755A40F002A8E3F /* gilroy-heavy.ttf in Resources */ = {isa = PBXBuildFile; fileRef = C017B7A82755A3FF002A8E3F /* gilroy-heavy.ttf */; };
		C017B7AC2755A413002A8E3F /* gilroy-medium.ttf in Resources */ = {isa = PBXBuildFile; fileRef = C017B7A62755A3FF002A8E3F /* gilroy-medium.ttf */; };
		C017B7AD2755A416002A8E3F /* gilroy-regular.ttf in Resources */ = {isa = PBXBuildFile; fileRef = C017B7A92755A3FF002A8E3F /* gilroy-regular.ttf */; };
		C017B7AE2755A418002A8E3F /* gilroy-semibold.ttf in Resources */ = {isa = PBXBuildFile; fileRef = C017B7A72755A3FF002A8E3F /* gilroy-semibold.ttf */; };
		CE0A1147275099660064AA4B /* SearchViewModel.swift in Sources */ = {isa = PBXBuildFile; fileRef = CE0A1146275099660064AA4B /* SearchViewModel.swift */; };
		CE0A11492750997E0064AA4B /* SearchTableViewController.swift in Sources */ = {isa = PBXBuildFile; fileRef = CE0A11482750997E0064AA4B /* SearchTableViewController.swift */; };
		CE2B85B6275828E30059DE45 /* SideMenuController.swift in Sources */ = {isa = PBXBuildFile; fileRef = CE2B85B5275828E30059DE45 /* SideMenuController.swift */; };
		CE2B85B8275829310059DE45 /* MarvelRepository.swift in Sources */ = {isa = PBXBuildFile; fileRef = CE2B85B7275829310059DE45 /* MarvelRepository.swift */; };
		CE2B85BA275829C50059DE45 /* SideMenuViewModelTests.swift in Sources */ = {isa = PBXBuildFile; fileRef = CE2B85B9275829C50059DE45 /* SideMenuViewModelTests.swift */; };
		CE2B85BC27582A2A0059DE45 /* SideMenuViewModel.swift in Sources */ = {isa = PBXBuildFile; fileRef = CE2B85BB27582A2A0059DE45 /* SideMenuViewModel.swift */; };
		CE2B85BE27582A660059DE45 /* UIImageHelper.swift in Sources */ = {isa = PBXBuildFile; fileRef = CE2B85BD27582A660059DE45 /* UIImageHelper.swift */; };
		CE2B85BF275830490059DE45 /* MarvelRepository.swift in Sources */ = {isa = PBXBuildFile; fileRef = CE2B85B7275829310059DE45 /* MarvelRepository.swift */; };
		CE2B85C0275830510059DE45 /* SideMenuViewModel.swift in Sources */ = {isa = PBXBuildFile; fileRef = CE2B85BB27582A2A0059DE45 /* SideMenuViewModel.swift */; };
		CE2B85C22758BBBF0059DE45 /* SideMenuController.swift in Sources */ = {isa = PBXBuildFile; fileRef = CE2B85B5275828E30059DE45 /* SideMenuController.swift */; };
		CE2B85DE275AA69C0059DE45 /* AbilityProgressBar.swift in Sources */ = {isa = PBXBuildFile; fileRef = CE2B85DD275AA69C0059DE45 /* AbilityProgressBar.swift */; };
		CE2B85E0275AB4710059DE45 /* UIViewHelper.swift in Sources */ = {isa = PBXBuildFile; fileRef = CE2B85DF275AB4710059DE45 /* UIViewHelper.swift */; };
		CE2B85E3275AB5C60059DE45 /* AbilitiesView.swift in Sources */ = {isa = PBXBuildFile; fileRef = CE2B85E2275AB5C60059DE45 /* AbilitiesView.swift */; };
		CE2B85E5275ABED70059DE45 /* TextHelper.swift in Sources */ = {isa = PBXBuildFile; fileRef = CE2B85E4275ABED70059DE45 /* TextHelper.swift */; };
		CE3AA2E4275C27C00006931F /* UIFontHelper.swift in Sources */ = {isa = PBXBuildFile; fileRef = CE3AA2E3275C27C00006931F /* UIFontHelper.swift */; };
		CE59ECF4275FBADB00C2B527 /* UIButtonHelper.swift in Sources */ = {isa = PBXBuildFile; fileRef = CE59ECF3275FBADB00C2B527 /* UIButtonHelper.swift */; };
		CE59ECF8275FF2FB00C2B527 /* CategoryButtonCollectionViewCell.swift in Sources */ = {isa = PBXBuildFile; fileRef = CE59ECF7275FF2FB00C2B527 /* CategoryButtonCollectionViewCell.swift */; };
		CE61C5FE275665B20024F244 /* SearchViewModelTests.swift in Sources */ = {isa = PBXBuildFile; fileRef = CE61C5FD275665B20024F244 /* SearchViewModelTests.swift */; };
		CE7FFE78275ABDF500147FE6 /* SearchViewModel.swift in Sources */ = {isa = PBXBuildFile; fileRef = CE0A1146275099660064AA4B /* SearchViewModel.swift */; };
		CE835E9E275A5AC300B6105C /* ResourceNames.swift in Sources */ = {isa = PBXBuildFile; fileRef = CE835E9D275A5AC300B6105C /* ResourceNames.swift */; };
		CEAED4EA275DA53700319BF6 /* AbilitiesView.swift in Sources */ = {isa = PBXBuildFile; fileRef = CE2B85E2275AB5C60059DE45 /* AbilitiesView.swift */; };
		CEAED4EB275DA53A00319BF6 /* AbilitiesView.swift in Sources */ = {isa = PBXBuildFile; fileRef = CE2B85E2275AB5C60059DE45 /* AbilitiesView.swift */; };
		CEAED4EC275DA63D00319BF6 /* UIViewHelper.swift in Sources */ = {isa = PBXBuildFile; fileRef = CE2B85DF275AB4710059DE45 /* UIViewHelper.swift */; };
		CEAED4ED275DA64400319BF6 /* UIFontHelper.swift in Sources */ = {isa = PBXBuildFile; fileRef = CE3AA2E3275C27C00006931F /* UIFontHelper.swift */; };
		CEAED4EE275DA64700319BF6 /* TextHelper.swift in Sources */ = {isa = PBXBuildFile; fileRef = CE2B85E4275ABED70059DE45 /* TextHelper.swift */; };
		CEAED4EF275DA68900319BF6 /* UIColorHelper.swift in Sources */ = {isa = PBXBuildFile; fileRef = 84E54CFF275727CB00A21EDA /* UIColorHelper.swift */; };
		CEAED4F0275DA69C00319BF6 /* AbilityProgressBar.swift in Sources */ = {isa = PBXBuildFile; fileRef = CE2B85DD275AA69C0059DE45 /* AbilityProgressBar.swift */; };
		CEAED4F1275DA6DD00319BF6 /* UIViewHelper.swift in Sources */ = {isa = PBXBuildFile; fileRef = CE2B85DF275AB4710059DE45 /* UIViewHelper.swift */; };
		CEAED4F2275DA6E800319BF6 /* UIColorHelper.swift in Sources */ = {isa = PBXBuildFile; fileRef = 84E54CFF275727CB00A21EDA /* UIColorHelper.swift */; };
		CEAED4F3275DA6F800319BF6 /* UIFontHelper.swift in Sources */ = {isa = PBXBuildFile; fileRef = CE3AA2E3275C27C00006931F /* UIFontHelper.swift */; };
		CEAED4F4275DA70800319BF6 /* AbilityProgressBar.swift in Sources */ = {isa = PBXBuildFile; fileRef = CE2B85DD275AA69C0059DE45 /* AbilityProgressBar.swift */; };
		CEAED4F5275DA79F00319BF6 /* TextHelper.swift in Sources */ = {isa = PBXBuildFile; fileRef = CE2B85E4275ABED70059DE45 /* TextHelper.swift */; };
/* End PBXBuildFile section */

/* Begin PBXContainerItemProxy section */
		848A27A8274D5079000CDBCE /* PBXContainerItemProxy */ = {
			isa = PBXContainerItemProxy;
			containerPortal = 848A2789274D5077000CDBCE /* Project object */;
			proxyType = 1;
			remoteGlobalIDString = 848A2790274D5077000CDBCE;
			remoteInfo = MarvelCharsApp;
		};
		848A27B2274D5079000CDBCE /* PBXContainerItemProxy */ = {
			isa = PBXContainerItemProxy;
			containerPortal = 848A2789274D5077000CDBCE /* Project object */;
			proxyType = 1;
			remoteGlobalIDString = 848A2790274D5077000CDBCE;
			remoteInfo = MarvelCharsApp;
		};
/* End PBXContainerItemProxy section */

/* Begin PBXFileReference section */
		468AFCEA70CC1007A83AD627 /* Pods-MarvelCharsApp.debug.xcconfig */ = {isa = PBXFileReference; includeInIndex = 1; lastKnownFileType = text.xcconfig; name = "Pods-MarvelCharsApp.debug.xcconfig"; path = "Target Support Files/Pods-MarvelCharsApp/Pods-MarvelCharsApp.debug.xcconfig"; sourceTree = "<group>"; };
		4D2B54758A8DCF8AE4E6077E /* Pods_MarvelCharsApp_MarvelCharsAppUITests.framework */ = {isa = PBXFileReference; explicitFileType = wrapper.framework; includeInIndex = 0; path = Pods_MarvelCharsApp_MarvelCharsAppUITests.framework; sourceTree = BUILT_PRODUCTS_DIR; };
		5CF25607B30EE578E83E0C7C /* Pods-MarvelCharsApp-MarvelCharsAppUITests.debug.xcconfig */ = {isa = PBXFileReference; includeInIndex = 1; lastKnownFileType = text.xcconfig; name = "Pods-MarvelCharsApp-MarvelCharsAppUITests.debug.xcconfig"; path = "Target Support Files/Pods-MarvelCharsApp-MarvelCharsAppUITests/Pods-MarvelCharsApp-MarvelCharsAppUITests.debug.xcconfig"; sourceTree = "<group>"; };
		84645F7D274E9E1B001A997A /* MarvelAPI.swift */ = {isa = PBXFileReference; lastKnownFileType = sourcecode.swift; path = MarvelAPI.swift; sourceTree = "<group>"; };
		84645F80274E9E53001A997A /* MarvelAPIModel.swift */ = {isa = PBXFileReference; lastKnownFileType = sourcecode.swift; path = MarvelAPIModel.swift; sourceTree = "<group>"; };
		84645F83274EC15A001A997A /* CharacterModel.swift */ = {isa = PBXFileReference; lastKnownFileType = sourcecode.swift; path = CharacterModel.swift; sourceTree = "<group>"; };
		846B9980274FC1DE0055F2A6 /* CategoryModel.swift */ = {isa = PBXFileReference; lastKnownFileType = sourcecode.swift; path = CategoryModel.swift; sourceTree = "<group>"; };
		846B998427503A740055F2A6 /* CharacterPortraitCell.swift */ = {isa = PBXFileReference; lastKnownFileType = sourcecode.swift; path = CharacterPortraitCell.swift; sourceTree = "<group>"; };
		846B998527503A740055F2A6 /* CharacterPortraitCell.xib */ = {isa = PBXFileReference; lastKnownFileType = file.xib; path = CharacterPortraitCell.xib; sourceTree = "<group>"; };
		846B998A27517D5E0055F2A6 /* CategoryRowCell.swift */ = {isa = PBXFileReference; lastKnownFileType = sourcecode.swift; path = CategoryRowCell.swift; sourceTree = "<group>"; };
		846B998B27517D5E0055F2A6 /* CategoryRowCell.xib */ = {isa = PBXFileReference; lastKnownFileType = file.xib; path = CategoryRowCell.xib; sourceTree = "<group>"; };
		848A2791274D5077000CDBCE /* MarvelCharsApp.app */ = {isa = PBXFileReference; explicitFileType = wrapper.application; includeInIndex = 0; path = MarvelCharsApp.app; sourceTree = BUILT_PRODUCTS_DIR; };
		848A2794274D5077000CDBCE /* AppDelegate.swift */ = {isa = PBXFileReference; lastKnownFileType = sourcecode.swift; path = AppDelegate.swift; sourceTree = "<group>"; };
		848A2796274D5077000CDBCE /* SceneDelegate.swift */ = {isa = PBXFileReference; lastKnownFileType = sourcecode.swift; path = SceneDelegate.swift; sourceTree = "<group>"; };
		848A2798274D5077000CDBCE /* HomeViewController.swift */ = {isa = PBXFileReference; lastKnownFileType = sourcecode.swift; path = HomeViewController.swift; sourceTree = "<group>"; };
		848A279B274D5077000CDBCE /* Base */ = {isa = PBXFileReference; lastKnownFileType = file.storyboard; name = Base; path = Base.lproj/Main.storyboard; sourceTree = "<group>"; };
		848A279D274D5079000CDBCE /* Assets.xcassets */ = {isa = PBXFileReference; lastKnownFileType = folder.assetcatalog; path = Assets.xcassets; sourceTree = "<group>"; };
		848A27A0274D5079000CDBCE /* Base */ = {isa = PBXFileReference; lastKnownFileType = file.storyboard; name = Base; path = Base.lproj/LaunchScreen.storyboard; sourceTree = "<group>"; };
		848A27A2274D5079000CDBCE /* Info.plist */ = {isa = PBXFileReference; lastKnownFileType = text.plist.xml; path = Info.plist; sourceTree = "<group>"; };
		848A27A7274D5079000CDBCE /* MarvelCharsAppTests.xctest */ = {isa = PBXFileReference; explicitFileType = wrapper.cfbundle; includeInIndex = 0; path = MarvelCharsAppTests.xctest; sourceTree = BUILT_PRODUCTS_DIR; };
		848A27AB274D5079000CDBCE /* MarvelCharsAppTests.swift */ = {isa = PBXFileReference; lastKnownFileType = sourcecode.swift; path = MarvelCharsAppTests.swift; sourceTree = "<group>"; };
		848A27B1274D5079000CDBCE /* MarvelCharsAppUITests.xctest */ = {isa = PBXFileReference; explicitFileType = wrapper.cfbundle; includeInIndex = 0; path = MarvelCharsAppUITests.xctest; sourceTree = BUILT_PRODUCTS_DIR; };
		848A27B5274D5079000CDBCE /* MarvelCharsAppUITests.swift */ = {isa = PBXFileReference; lastKnownFileType = sourcecode.swift; path = MarvelCharsAppUITests.swift; sourceTree = "<group>"; };
		848A27B7274D5079000CDBCE /* MarvelCharsAppUITestsLaunchTests.swift */ = {isa = PBXFileReference; lastKnownFileType = sourcecode.swift; path = MarvelCharsAppUITestsLaunchTests.swift; sourceTree = "<group>"; };
		848A27C9274D8BBC000CDBCE /* DetailsViewController.swift */ = {isa = PBXFileReference; lastKnownFileType = sourcecode.swift; path = DetailsViewController.swift; sourceTree = "<group>"; };
		848A27CD274D8C86000CDBCE /* HomeViewModel.swift */ = {isa = PBXFileReference; lastKnownFileType = sourcecode.swift; path = HomeViewModel.swift; sourceTree = "<group>"; };
		848A27D1274D8CA3000CDBCE /* DetailsViewModel.swift */ = {isa = PBXFileReference; lastKnownFileType = sourcecode.swift; path = DetailsViewModel.swift; sourceTree = "<group>"; };
		848A27D9274E91AD000CDBCE /* EmptyRepository.swift */ = {isa = PBXFileReference; lastKnownFileType = sourcecode.swift; path = EmptyRepository.swift; sourceTree = "<group>"; };
		84DC6828275AC410009B9CAD /* CharactersCollectionHeader.swift */ = {isa = PBXFileReference; lastKnownFileType = sourcecode.swift; path = CharactersCollectionHeader.swift; sourceTree = "<group>"; };
		84DC6829275AC410009B9CAD /* CharactersCollectionHeader.xib */ = {isa = PBXFileReference; lastKnownFileType = file.xib; path = CharactersCollectionHeader.xib; sourceTree = "<group>"; };
		84E54CFF275727CB00A21EDA /* UIColorHelper.swift */ = {isa = PBXFileReference; lastKnownFileType = sourcecode.swift; path = UIColorHelper.swift; sourceTree = "<group>"; };
		84E54D012757308600A21EDA /* HomeViewModelTest.swift */ = {isa = PBXFileReference; lastKnownFileType = sourcecode.swift; path = HomeViewModelTest.swift; sourceTree = "<group>"; };
		84E54D07275734AC00A21EDA /* CategoryModelTest.swift */ = {isa = PBXFileReference; lastKnownFileType = sourcecode.swift; path = CategoryModelTest.swift; sourceTree = "<group>"; };
		84E54D092757428D00A21EDA /* CharacterModelTest.swift */ = {isa = PBXFileReference; lastKnownFileType = sourcecode.swift; path = CharacterModelTest.swift; sourceTree = "<group>"; };
		84E54D0C2757D89E00A21EDA /* CharactersCollectionViewController.swift */ = {isa = PBXFileReference; lastKnownFileType = sourcecode.swift; path = CharactersCollectionViewController.swift; sourceTree = "<group>"; };
		84E54D0D2757D89E00A21EDA /* CharactersCollectionViewController.xib */ = {isa = PBXFileReference; lastKnownFileType = file.xib; path = CharactersCollectionViewController.xib; sourceTree = "<group>"; };
		B98BCFD09B6CA517BEAD51C5 /* Pods-MarvelCharsApp.release.xcconfig */ = {isa = PBXFileReference; includeInIndex = 1; lastKnownFileType = text.xcconfig; name = "Pods-MarvelCharsApp.release.xcconfig"; path = "Target Support Files/Pods-MarvelCharsApp/Pods-MarvelCharsApp.release.xcconfig"; sourceTree = "<group>"; };
		BC2B183B3E4A01B5CD5F7108 /* Pods-MarvelCharsApp-MarvelCharsAppUITests.release.xcconfig */ = {isa = PBXFileReference; includeInIndex = 1; lastKnownFileType = text.xcconfig; name = "Pods-MarvelCharsApp-MarvelCharsAppUITests.release.xcconfig"; path = "Target Support Files/Pods-MarvelCharsApp-MarvelCharsAppUITests/Pods-MarvelCharsApp-MarvelCharsAppUITests.release.xcconfig"; sourceTree = "<group>"; };
		BF10CAB61910A0815DC779A6 /* Pods_MarvelCharsAppTests.framework */ = {isa = PBXFileReference; explicitFileType = wrapper.framework; includeInIndex = 0; path = Pods_MarvelCharsAppTests.framework; sourceTree = BUILT_PRODUCTS_DIR; };
		C017B7A52755A3FF002A8E3F /* gilroy-bold.ttf */ = {isa = PBXFileReference; lastKnownFileType = file; path = "gilroy-bold.ttf"; sourceTree = "<group>"; };
		C017B7A62755A3FF002A8E3F /* gilroy-medium.ttf */ = {isa = PBXFileReference; lastKnownFileType = file; path = "gilroy-medium.ttf"; sourceTree = "<group>"; };
		C017B7A72755A3FF002A8E3F /* gilroy-semibold.ttf */ = {isa = PBXFileReference; lastKnownFileType = file; path = "gilroy-semibold.ttf"; sourceTree = "<group>"; };
		C017B7A82755A3FF002A8E3F /* gilroy-heavy.ttf */ = {isa = PBXFileReference; lastKnownFileType = file; path = "gilroy-heavy.ttf"; sourceTree = "<group>"; };
		C017B7A92755A3FF002A8E3F /* gilroy-regular.ttf */ = {isa = PBXFileReference; lastKnownFileType = file; path = "gilroy-regular.ttf"; sourceTree = "<group>"; };
		C1A3292B88C2AFAD7D69F47C /* Pods_MarvelCharsApp.framework */ = {isa = PBXFileReference; explicitFileType = wrapper.framework; includeInIndex = 0; path = Pods_MarvelCharsApp.framework; sourceTree = BUILT_PRODUCTS_DIR; };
		CBF0BAF1FB022BB73650B604 /* Pods-MarvelCharsAppTests.debug.xcconfig */ = {isa = PBXFileReference; includeInIndex = 1; lastKnownFileType = text.xcconfig; name = "Pods-MarvelCharsAppTests.debug.xcconfig"; path = "Target Support Files/Pods-MarvelCharsAppTests/Pods-MarvelCharsAppTests.debug.xcconfig"; sourceTree = "<group>"; };
		CE0A1146275099660064AA4B /* SearchViewModel.swift */ = {isa = PBXFileReference; fileEncoding = 4; lastKnownFileType = sourcecode.swift; path = SearchViewModel.swift; sourceTree = "<group>"; };
		CE0A11482750997E0064AA4B /* SearchTableViewController.swift */ = {isa = PBXFileReference; fileEncoding = 4; lastKnownFileType = sourcecode.swift; path = SearchTableViewController.swift; sourceTree = "<group>"; };
		CE2B85B5275828E30059DE45 /* SideMenuController.swift */ = {isa = PBXFileReference; lastKnownFileType = sourcecode.swift; path = SideMenuController.swift; sourceTree = "<group>"; };
		CE2B85B7275829310059DE45 /* MarvelRepository.swift */ = {isa = PBXFileReference; lastKnownFileType = sourcecode.swift; path = MarvelRepository.swift; sourceTree = "<group>"; };
		CE2B85B9275829C50059DE45 /* SideMenuViewModelTests.swift */ = {isa = PBXFileReference; lastKnownFileType = sourcecode.swift; path = SideMenuViewModelTests.swift; sourceTree = "<group>"; };
		CE2B85BB27582A2A0059DE45 /* SideMenuViewModel.swift */ = {isa = PBXFileReference; lastKnownFileType = sourcecode.swift; path = SideMenuViewModel.swift; sourceTree = "<group>"; };
		CE2B85BD27582A660059DE45 /* UIImageHelper.swift */ = {isa = PBXFileReference; lastKnownFileType = sourcecode.swift; path = UIImageHelper.swift; sourceTree = "<group>"; };
		CE2B85DD275AA69C0059DE45 /* AbilityProgressBar.swift */ = {isa = PBXFileReference; lastKnownFileType = sourcecode.swift; path = AbilityProgressBar.swift; sourceTree = "<group>"; };
		CE2B85DF275AB4710059DE45 /* UIViewHelper.swift */ = {isa = PBXFileReference; lastKnownFileType = sourcecode.swift; path = UIViewHelper.swift; sourceTree = "<group>"; };
		CE2B85E2275AB5C60059DE45 /* AbilitiesView.swift */ = {isa = PBXFileReference; lastKnownFileType = sourcecode.swift; path = AbilitiesView.swift; sourceTree = "<group>"; };
		CE2B85E4275ABED70059DE45 /* TextHelper.swift */ = {isa = PBXFileReference; lastKnownFileType = sourcecode.swift; path = TextHelper.swift; sourceTree = "<group>"; };
		CE3AA2E3275C27C00006931F /* UIFontHelper.swift */ = {isa = PBXFileReference; lastKnownFileType = sourcecode.swift; path = UIFontHelper.swift; sourceTree = "<group>"; };
		CE59ECF3275FBADB00C2B527 /* UIButtonHelper.swift */ = {isa = PBXFileReference; lastKnownFileType = sourcecode.swift; path = UIButtonHelper.swift; sourceTree = "<group>"; };
		CE59ECF7275FF2FB00C2B527 /* CategoryButtonCollectionViewCell.swift */ = {isa = PBXFileReference; lastKnownFileType = sourcecode.swift; path = CategoryButtonCollectionViewCell.swift; sourceTree = "<group>"; };
		CE61C5FD275665B20024F244 /* SearchViewModelTests.swift */ = {isa = PBXFileReference; lastKnownFileType = sourcecode.swift; path = SearchViewModelTests.swift; sourceTree = "<group>"; };
		CE835E9D275A5AC300B6105C /* ResourceNames.swift */ = {isa = PBXFileReference; lastKnownFileType = sourcecode.swift; path = ResourceNames.swift; sourceTree = "<group>"; };
		EC2100C015AF4FAD404893C0 /* Pods-MarvelCharsAppTests.release.xcconfig */ = {isa = PBXFileReference; includeInIndex = 1; lastKnownFileType = text.xcconfig; name = "Pods-MarvelCharsAppTests.release.xcconfig"; path = "Target Support Files/Pods-MarvelCharsAppTests/Pods-MarvelCharsAppTests.release.xcconfig"; sourceTree = "<group>"; };
/* End PBXFileReference section */

/* Begin PBXFrameworksBuildPhase section */
		848A278E274D5077000CDBCE /* Frameworks */ = {
			isa = PBXFrameworksBuildPhase;
			buildActionMask = 2147483647;
			files = (
				AABDB61E59799ABEEE1E020A /* Pods_MarvelCharsApp.framework in Frameworks */,
			);
			runOnlyForDeploymentPostprocessing = 0;
		};
		848A27A4274D5079000CDBCE /* Frameworks */ = {
			isa = PBXFrameworksBuildPhase;
			buildActionMask = 2147483647;
			files = (
				67780455A9C9F49AC9BE61A6 /* Pods_MarvelCharsAppTests.framework in Frameworks */,
			);
			runOnlyForDeploymentPostprocessing = 0;
		};
		848A27AE274D5079000CDBCE /* Frameworks */ = {
			isa = PBXFrameworksBuildPhase;
			buildActionMask = 2147483647;
			files = (
				0EB1CFF62689A58E83CCE324 /* Pods_MarvelCharsApp_MarvelCharsAppUITests.framework in Frameworks */,
			);
			runOnlyForDeploymentPostprocessing = 0;
		};
/* End PBXFrameworksBuildPhase section */

/* Begin PBXGroup section */
		066DBE58186C7277B7F8817F /* Frameworks */ = {
			isa = PBXGroup;
			children = (
				C1A3292B88C2AFAD7D69F47C /* Pods_MarvelCharsApp.framework */,
				4D2B54758A8DCF8AE4E6077E /* Pods_MarvelCharsApp_MarvelCharsAppUITests.framework */,
				BF10CAB61910A0815DC779A6 /* Pods_MarvelCharsAppTests.framework */,
			);
			name = Frameworks;
			sourceTree = "<group>";
		};
		82BDD1CC456D40D77FDE7B78 /* Pods */ = {
			isa = PBXGroup;
			children = (
				468AFCEA70CC1007A83AD627 /* Pods-MarvelCharsApp.debug.xcconfig */,
				B98BCFD09B6CA517BEAD51C5 /* Pods-MarvelCharsApp.release.xcconfig */,
				5CF25607B30EE578E83E0C7C /* Pods-MarvelCharsApp-MarvelCharsAppUITests.debug.xcconfig */,
				BC2B183B3E4A01B5CD5F7108 /* Pods-MarvelCharsApp-MarvelCharsAppUITests.release.xcconfig */,
				CBF0BAF1FB022BB73650B604 /* Pods-MarvelCharsAppTests.debug.xcconfig */,
				EC2100C015AF4FAD404893C0 /* Pods-MarvelCharsAppTests.release.xcconfig */,
			);
			path = Pods;
			sourceTree = "<group>";
		};
		846B998327503A2A0055F2A6 /* Cells */ = {
			isa = PBXGroup;
			children = (
				846B998427503A740055F2A6 /* CharacterPortraitCell.swift */,
				846B998527503A740055F2A6 /* CharacterPortraitCell.xib */,
				846B998A27517D5E0055F2A6 /* CategoryRowCell.swift */,
				846B998B27517D5E0055F2A6 /* CategoryRowCell.xib */,
				CE2B85DD275AA69C0059DE45 /* AbilityProgressBar.swift */,
				CE59ECF7275FF2FB00C2B527 /* CategoryButtonCollectionViewCell.swift */,
			);
			path = Cells;
			sourceTree = "<group>";
		};
		848A2788274D5077000CDBCE = {
			isa = PBXGroup;
			children = (
				848A2793274D5077000CDBCE /* MarvelCharsApp */,
				848A27AA274D5079000CDBCE /* MarvelCharsAppTests */,
				848A27B4274D5079000CDBCE /* MarvelCharsAppUITests */,
				848A2792274D5077000CDBCE /* Products */,
				82BDD1CC456D40D77FDE7B78 /* Pods */,
				066DBE58186C7277B7F8817F /* Frameworks */,
			);
			sourceTree = "<group>";
		};
		848A2792274D5077000CDBCE /* Products */ = {
			isa = PBXGroup;
			children = (
				848A2791274D5077000CDBCE /* MarvelCharsApp.app */,
				848A27A7274D5079000CDBCE /* MarvelCharsAppTests.xctest */,
				848A27B1274D5079000CDBCE /* MarvelCharsAppUITests.xctest */,
			);
			name = Products;
			sourceTree = "<group>";
		};
		848A2793274D5077000CDBCE /* MarvelCharsApp */ = {
			isa = PBXGroup;
			children = (
				C017B7A42755A3EF002A8E3F /* Fonts */,
				848A27C8274D63B4000CDBCE /* Helpers */,
				848A27C5274D6290000CDBCE /* Views */,
				848A27C6274D629C000CDBCE /* ViewModels */,
				848A27C4274D6285000CDBCE /* Models */,
				848A279D274D5079000CDBCE /* Assets.xcassets */,
				848A27A2274D5079000CDBCE /* Info.plist */,
			);
			path = MarvelCharsApp;
			sourceTree = "<group>";
		};
		848A27AA274D5079000CDBCE /* MarvelCharsAppTests */ = {
			isa = PBXGroup;
			children = (
				848A27AB274D5079000CDBCE /* MarvelCharsAppTests.swift */,
				CE61C5FD275665B20024F244 /* SearchViewModelTests.swift */,
				84E54D012757308600A21EDA /* HomeViewModelTest.swift */,
				84E54D07275734AC00A21EDA /* CategoryModelTest.swift */,
				84E54D092757428D00A21EDA /* CharacterModelTest.swift */,
				CE2B85B9275829C50059DE45 /* SideMenuViewModelTests.swift */,
			);
			path = MarvelCharsAppTests;
			sourceTree = "<group>";
		};
		848A27B4274D5079000CDBCE /* MarvelCharsAppUITests */ = {
			isa = PBXGroup;
			children = (
				848A27B5274D5079000CDBCE /* MarvelCharsAppUITests.swift */,
				848A27B7274D5079000CDBCE /* MarvelCharsAppUITestsLaunchTests.swift */,
			);
			path = MarvelCharsAppUITests;
			sourceTree = "<group>";
		};
		848A27C4274D6285000CDBCE /* Models */ = {
			isa = PBXGroup;
			children = (
				848A27D5274E9160000CDBCE /* API */,
				848A27D8274E9198000CDBCE /* Repositories */,
				848A27DB274E91B4000CDBCE /* Entities */,
			);
			path = Models;
			sourceTree = "<group>";
		};
		848A27C5274D6290000CDBCE /* Views */ = {
			isa = PBXGroup;
			children = (
				84E54D0B2757D83600A21EDA /* Nibs */,
				CE2B85E1275AB5960059DE45 /* Components */,
				846B998327503A2A0055F2A6 /* Cells */,
				848A27C7274D62D4000CDBCE /* Storyboards */,
				CE0A11482750997E0064AA4B /* SearchTableViewController.swift */,
				848A2798274D5077000CDBCE /* HomeViewController.swift */,
				848A27C9274D8BBC000CDBCE /* DetailsViewController.swift */,
				CE2B85B5275828E30059DE45 /* SideMenuController.swift */,
			);
			path = Views;
			sourceTree = "<group>";
		};
		848A27C6274D629C000CDBCE /* ViewModels */ = {
			isa = PBXGroup;
			children = (
				CE0A1146275099660064AA4B /* SearchViewModel.swift */,
				848A27CD274D8C86000CDBCE /* HomeViewModel.swift */,
				848A27D1274D8CA3000CDBCE /* DetailsViewModel.swift */,
				CE2B85BB27582A2A0059DE45 /* SideMenuViewModel.swift */,
			);
			path = ViewModels;
			sourceTree = "<group>";
		};
		848A27C7274D62D4000CDBCE /* Storyboards */ = {
			isa = PBXGroup;
			children = (
				848A279F274D5079000CDBCE /* LaunchScreen.storyboard */,
				848A279A274D5077000CDBCE /* Main.storyboard */,
			);
			path = Storyboards;
			sourceTree = "<group>";
		};
		848A27C8274D63B4000CDBCE /* Helpers */ = {
			isa = PBXGroup;
			children = (
				848A2794274D5077000CDBCE /* AppDelegate.swift */,
				848A2796274D5077000CDBCE /* SceneDelegate.swift */,
				CE3AA2E3275C27C00006931F /* UIFontHelper.swift */,
				CE59ECF3275FBADB00C2B527 /* UIButtonHelper.swift */,
				CE2B85E4275ABED70059DE45 /* TextHelper.swift */,
				CE2B85DF275AB4710059DE45 /* UIViewHelper.swift */,
				84E54CFF275727CB00A21EDA /* UIColorHelper.swift */,
				CE2B85BD27582A660059DE45 /* UIImageHelper.swift */,
				CE835E9D275A5AC300B6105C /* ResourceNames.swift */,
			);
			path = Helpers;
			sourceTree = "<group>";
		};
		848A27D5274E9160000CDBCE /* API */ = {
			isa = PBXGroup;
			children = (
				84645F7D274E9E1B001A997A /* MarvelAPI.swift */,
			);
			path = API;
			sourceTree = "<group>";
		};
		848A27D8274E9198000CDBCE /* Repositories */ = {
			isa = PBXGroup;
			children = (
				848A27D9274E91AD000CDBCE /* EmptyRepository.swift */,
				CE2B85B7275829310059DE45 /* MarvelRepository.swift */,
			);
			path = Repositories;
			sourceTree = "<group>";
		};
		848A27DB274E91B4000CDBCE /* Entities */ = {
			isa = PBXGroup;
			children = (
				84645F80274E9E53001A997A /* MarvelAPIModel.swift */,
				84645F83274EC15A001A997A /* CharacterModel.swift */,
				846B9980274FC1DE0055F2A6 /* CategoryModel.swift */,
			);
			path = Entities;
			sourceTree = "<group>";
		};
		84E54D0B2757D83600A21EDA /* Nibs */ = {
			isa = PBXGroup;
			children = (
				84E54D0C2757D89E00A21EDA /* CharactersCollectionViewController.swift */,
				84E54D0D2757D89E00A21EDA /* CharactersCollectionViewController.xib */,
				84DC6828275AC410009B9CAD /* CharactersCollectionHeader.swift */,
				84DC6829275AC410009B9CAD /* CharactersCollectionHeader.xib */,
			);
			path = Nibs;
			sourceTree = "<group>";
		};
		C017B7A42755A3EF002A8E3F /* Fonts */ = {
			isa = PBXGroup;
			children = (
				C017B7A52755A3FF002A8E3F /* gilroy-bold.ttf */,
				C017B7A82755A3FF002A8E3F /* gilroy-heavy.ttf */,
				C017B7A62755A3FF002A8E3F /* gilroy-medium.ttf */,
				C017B7A92755A3FF002A8E3F /* gilroy-regular.ttf */,
				C017B7A72755A3FF002A8E3F /* gilroy-semibold.ttf */,
			);
			path = Fonts;
			sourceTree = "<group>";
		};
		CE2B85E1275AB5960059DE45 /* Components */ = {
			isa = PBXGroup;
			children = (
				CE2B85E2275AB5C60059DE45 /* AbilitiesView.swift */,
			);
			path = Components;
			sourceTree = "<group>";
		};
/* End PBXGroup section */

/* Begin PBXNativeTarget section */
		848A2790274D5077000CDBCE /* MarvelCharsApp */ = {
			isa = PBXNativeTarget;
			buildConfigurationList = 848A27BB274D5079000CDBCE /* Build configuration list for PBXNativeTarget "MarvelCharsApp" */;
			buildPhases = (
				D6BBBDDD77033B9369048382 /* [CP] Check Pods Manifest.lock */,
				848A278D274D5077000CDBCE /* Sources */,
				848A278E274D5077000CDBCE /* Frameworks */,
				848A278F274D5077000CDBCE /* Resources */,
				E88D05E371C7C7FB4B139204 /* [CP] Embed Pods Frameworks */,
			);
			buildRules = (
			);
			dependencies = (
			);
			name = MarvelCharsApp;
			productName = MarvelCharsApp;
			productReference = 848A2791274D5077000CDBCE /* MarvelCharsApp.app */;
			productType = "com.apple.product-type.application";
		};
		848A27A6274D5079000CDBCE /* MarvelCharsAppTests */ = {
			isa = PBXNativeTarget;
			buildConfigurationList = 848A27BE274D5079000CDBCE /* Build configuration list for PBXNativeTarget "MarvelCharsAppTests" */;
			buildPhases = (
				9D4673FA41D9A47F0C5B74B9 /* [CP] Check Pods Manifest.lock */,
				848A27A3274D5079000CDBCE /* Sources */,
				848A27A4274D5079000CDBCE /* Frameworks */,
				848A27A5274D5079000CDBCE /* Resources */,
			);
			buildRules = (
			);
			dependencies = (
				848A27A9274D5079000CDBCE /* PBXTargetDependency */,
			);
			name = MarvelCharsAppTests;
			productName = MarvelCharsAppTests;
			productReference = 848A27A7274D5079000CDBCE /* MarvelCharsAppTests.xctest */;
			productType = "com.apple.product-type.bundle.unit-test";
		};
		848A27B0274D5079000CDBCE /* MarvelCharsAppUITests */ = {
			isa = PBXNativeTarget;
			buildConfigurationList = 848A27C1274D5079000CDBCE /* Build configuration list for PBXNativeTarget "MarvelCharsAppUITests" */;
			buildPhases = (
				D23F039A3C353B24420A1FF1 /* [CP] Check Pods Manifest.lock */,
				848A27AD274D5079000CDBCE /* Sources */,
				848A27AE274D5079000CDBCE /* Frameworks */,
				848A27AF274D5079000CDBCE /* Resources */,
				A76D610931974F623C5B4F70 /* [CP] Embed Pods Frameworks */,
			);
			buildRules = (
			);
			dependencies = (
				848A27B3274D5079000CDBCE /* PBXTargetDependency */,
			);
			name = MarvelCharsAppUITests;
			productName = MarvelCharsAppUITests;
			productReference = 848A27B1274D5079000CDBCE /* MarvelCharsAppUITests.xctest */;
			productType = "com.apple.product-type.bundle.ui-testing";
		};
/* End PBXNativeTarget section */

/* Begin PBXProject section */
		848A2789274D5077000CDBCE /* Project object */ = {
			isa = PBXProject;
			attributes = {
				BuildIndependentTargetsInParallel = 1;
				LastSwiftUpdateCheck = 1300;
				LastUpgradeCheck = 1300;
				TargetAttributes = {
					848A2790274D5077000CDBCE = {
						CreatedOnToolsVersion = 13.0;
					};
					848A27A6274D5079000CDBCE = {
						CreatedOnToolsVersion = 13.0;
						TestTargetID = 848A2790274D5077000CDBCE;
					};
					848A27B0274D5079000CDBCE = {
						CreatedOnToolsVersion = 13.0;
						TestTargetID = 848A2790274D5077000CDBCE;
					};
				};
			};
			buildConfigurationList = 848A278C274D5077000CDBCE /* Build configuration list for PBXProject "MarvelCharsApp" */;
			compatibilityVersion = "Xcode 13.0";
			developmentRegion = en;
			hasScannedForEncodings = 0;
			knownRegions = (
				en,
				Base,
			);
			mainGroup = 848A2788274D5077000CDBCE;
			productRefGroup = 848A2792274D5077000CDBCE /* Products */;
			projectDirPath = "";
			projectRoot = "";
			targets = (
				848A2790274D5077000CDBCE /* MarvelCharsApp */,
				848A27A6274D5079000CDBCE /* MarvelCharsAppTests */,
				848A27B0274D5079000CDBCE /* MarvelCharsAppUITests */,
			);
		};
/* End PBXProject section */

/* Begin PBXResourcesBuildPhase section */
		848A278F274D5077000CDBCE /* Resources */ = {
			isa = PBXResourcesBuildPhase;
			buildActionMask = 2147483647;
			files = (
				84DC682B275AC410009B9CAD /* CharactersCollectionHeader.xib in Resources */,
				846B998727503A740055F2A6 /* CharacterPortraitCell.xib in Resources */,
				C017B7AA2755A40A002A8E3F /* gilroy-bold.ttf in Resources */,
				C017B7AD2755A416002A8E3F /* gilroy-regular.ttf in Resources */,
				848A27A1274D5079000CDBCE /* LaunchScreen.storyboard in Resources */,
				84E54D112757D89E00A21EDA /* CharactersCollectionViewController.xib in Resources */,
				848A279E274D5079000CDBCE /* Assets.xcassets in Resources */,
				846B998D27517D5E0055F2A6 /* CategoryRowCell.xib in Resources */,
				C017B7AB2755A40F002A8E3F /* gilroy-heavy.ttf in Resources */,
				848A279C274D5077000CDBCE /* Main.storyboard in Resources */,
				C017B7AE2755A418002A8E3F /* gilroy-semibold.ttf in Resources */,
				C017B7AC2755A413002A8E3F /* gilroy-medium.ttf in Resources */,
			);
			runOnlyForDeploymentPostprocessing = 0;
		};
		848A27A5274D5079000CDBCE /* Resources */ = {
			isa = PBXResourcesBuildPhase;
			buildActionMask = 2147483647;
			files = (
				84DC6821275A4FA4009B9CAD /* CharactersCollectionViewController.xib in Resources */,
			);
			runOnlyForDeploymentPostprocessing = 0;
		};
		848A27AF274D5079000CDBCE /* Resources */ = {
			isa = PBXResourcesBuildPhase;
			buildActionMask = 2147483647;
			files = (
				84DC6823275A4FA4009B9CAD /* CharactersCollectionViewController.xib in Resources */,
			);
			runOnlyForDeploymentPostprocessing = 0;
		};
/* End PBXResourcesBuildPhase section */

/* Begin PBXShellScriptBuildPhase section */
		9D4673FA41D9A47F0C5B74B9 /* [CP] Check Pods Manifest.lock */ = {
			isa = PBXShellScriptBuildPhase;
			buildActionMask = 2147483647;
			files = (
			);
			inputFileListPaths = (
			);
			inputPaths = (
				"${PODS_PODFILE_DIR_PATH}/Podfile.lock",
				"${PODS_ROOT}/Manifest.lock",
			);
			name = "[CP] Check Pods Manifest.lock";
			outputFileListPaths = (
			);
			outputPaths = (
				"$(DERIVED_FILE_DIR)/Pods-MarvelCharsAppTests-checkManifestLockResult.txt",
			);
			runOnlyForDeploymentPostprocessing = 0;
			shellPath = /bin/sh;
			shellScript = "diff \"${PODS_PODFILE_DIR_PATH}/Podfile.lock\" \"${PODS_ROOT}/Manifest.lock\" > /dev/null\nif [ $? != 0 ] ; then\n    # print error to STDERR\n    echo \"error: The sandbox is not in sync with the Podfile.lock. Run 'pod install' or update your CocoaPods installation.\" >&2\n    exit 1\nfi\n# This output is used by Xcode 'outputs' to avoid re-running this script phase.\necho \"SUCCESS\" > \"${SCRIPT_OUTPUT_FILE_0}\"\n";
			showEnvVarsInLog = 0;
		};
		A76D610931974F623C5B4F70 /* [CP] Embed Pods Frameworks */ = {
			isa = PBXShellScriptBuildPhase;
			buildActionMask = 2147483647;
			files = (
			);
			inputFileListPaths = (
				"${PODS_ROOT}/Target Support Files/Pods-MarvelCharsApp-MarvelCharsAppUITests/Pods-MarvelCharsApp-MarvelCharsAppUITests-frameworks-${CONFIGURATION}-input-files.xcfilelist",
			);
			name = "[CP] Embed Pods Frameworks";
			outputFileListPaths = (
				"${PODS_ROOT}/Target Support Files/Pods-MarvelCharsApp-MarvelCharsAppUITests/Pods-MarvelCharsApp-MarvelCharsAppUITests-frameworks-${CONFIGURATION}-output-files.xcfilelist",
			);
			runOnlyForDeploymentPostprocessing = 0;
			shellPath = /bin/sh;
			shellScript = "\"${PODS_ROOT}/Target Support Files/Pods-MarvelCharsApp-MarvelCharsAppUITests/Pods-MarvelCharsApp-MarvelCharsAppUITests-frameworks.sh\"\n";
			showEnvVarsInLog = 0;
		};
		D23F039A3C353B24420A1FF1 /* [CP] Check Pods Manifest.lock */ = {
			isa = PBXShellScriptBuildPhase;
			buildActionMask = 2147483647;
			files = (
			);
			inputFileListPaths = (
			);
			inputPaths = (
				"${PODS_PODFILE_DIR_PATH}/Podfile.lock",
				"${PODS_ROOT}/Manifest.lock",
			);
			name = "[CP] Check Pods Manifest.lock";
			outputFileListPaths = (
			);
			outputPaths = (
				"$(DERIVED_FILE_DIR)/Pods-MarvelCharsApp-MarvelCharsAppUITests-checkManifestLockResult.txt",
			);
			runOnlyForDeploymentPostprocessing = 0;
			shellPath = /bin/sh;
			shellScript = "diff \"${PODS_PODFILE_DIR_PATH}/Podfile.lock\" \"${PODS_ROOT}/Manifest.lock\" > /dev/null\nif [ $? != 0 ] ; then\n    # print error to STDERR\n    echo \"error: The sandbox is not in sync with the Podfile.lock. Run 'pod install' or update your CocoaPods installation.\" >&2\n    exit 1\nfi\n# This output is used by Xcode 'outputs' to avoid re-running this script phase.\necho \"SUCCESS\" > \"${SCRIPT_OUTPUT_FILE_0}\"\n";
			showEnvVarsInLog = 0;
		};
		D6BBBDDD77033B9369048382 /* [CP] Check Pods Manifest.lock */ = {
			isa = PBXShellScriptBuildPhase;
			buildActionMask = 2147483647;
			files = (
			);
			inputFileListPaths = (
			);
			inputPaths = (
				"${PODS_PODFILE_DIR_PATH}/Podfile.lock",
				"${PODS_ROOT}/Manifest.lock",
			);
			name = "[CP] Check Pods Manifest.lock";
			outputFileListPaths = (
			);
			outputPaths = (
				"$(DERIVED_FILE_DIR)/Pods-MarvelCharsApp-checkManifestLockResult.txt",
			);
			runOnlyForDeploymentPostprocessing = 0;
			shellPath = /bin/sh;
			shellScript = "diff \"${PODS_PODFILE_DIR_PATH}/Podfile.lock\" \"${PODS_ROOT}/Manifest.lock\" > /dev/null\nif [ $? != 0 ] ; then\n    # print error to STDERR\n    echo \"error: The sandbox is not in sync with the Podfile.lock. Run 'pod install' or update your CocoaPods installation.\" >&2\n    exit 1\nfi\n# This output is used by Xcode 'outputs' to avoid re-running this script phase.\necho \"SUCCESS\" > \"${SCRIPT_OUTPUT_FILE_0}\"\n";
			showEnvVarsInLog = 0;
		};
		E88D05E371C7C7FB4B139204 /* [CP] Embed Pods Frameworks */ = {
			isa = PBXShellScriptBuildPhase;
			buildActionMask = 2147483647;
			files = (
			);
			inputFileListPaths = (
				"${PODS_ROOT}/Target Support Files/Pods-MarvelCharsApp/Pods-MarvelCharsApp-frameworks-${CONFIGURATION}-input-files.xcfilelist",
			);
			name = "[CP] Embed Pods Frameworks";
			outputFileListPaths = (
				"${PODS_ROOT}/Target Support Files/Pods-MarvelCharsApp/Pods-MarvelCharsApp-frameworks-${CONFIGURATION}-output-files.xcfilelist",
			);
			runOnlyForDeploymentPostprocessing = 0;
			shellPath = /bin/sh;
			shellScript = "\"${PODS_ROOT}/Target Support Files/Pods-MarvelCharsApp/Pods-MarvelCharsApp-frameworks.sh\"\n";
			showEnvVarsInLog = 0;
		};
/* End PBXShellScriptBuildPhase section */

/* Begin PBXSourcesBuildPhase section */
		848A278D274D5077000CDBCE /* Sources */ = {
			isa = PBXSourcesBuildPhase;
			buildActionMask = 2147483647;
			files = (
				CE3AA2E4275C27C00006931F /* UIFontHelper.swift in Sources */,
				846B9981274FC1DE0055F2A6 /* CategoryModel.swift in Sources */,
				CE59ECF8275FF2FB00C2B527 /* CategoryButtonCollectionViewCell.swift in Sources */,
				848A2799274D5077000CDBCE /* HomeViewController.swift in Sources */,
				848A2795274D5077000CDBCE /* AppDelegate.swift in Sources */,
				848A2797274D5077000CDBCE /* SceneDelegate.swift in Sources */,
				CE835E9E275A5AC300B6105C /* ResourceNames.swift in Sources */,
				CE59ECF4275FBADB00C2B527 /* UIButtonHelper.swift in Sources */,
				848A27CE274D8C86000CDBCE /* HomeViewModel.swift in Sources */,
				84645F81274E9E53001A997A /* MarvelAPIModel.swift in Sources */,
				CE0A1147275099660064AA4B /* SearchViewModel.swift in Sources */,
				CE2B85BE27582A660059DE45 /* UIImageHelper.swift in Sources */,
				CE2B85BC27582A2A0059DE45 /* SideMenuViewModel.swift in Sources */,
				84645F7E274E9E1B001A997A /* MarvelAPI.swift in Sources */,
				846B998C27517D5E0055F2A6 /* CategoryRowCell.swift in Sources */,
				CE2B85E0275AB4710059DE45 /* UIViewHelper.swift in Sources */,
				846B998627503A740055F2A6 /* CharacterPortraitCell.swift in Sources */,
				CE2B85E5275ABED70059DE45 /* TextHelper.swift in Sources */,
				CE2B85B6275828E30059DE45 /* SideMenuController.swift in Sources */,
				CE2B85DE275AA69C0059DE45 /* AbilityProgressBar.swift in Sources */,
				848A27CA274D8BBC000CDBCE /* DetailsViewController.swift in Sources */,
				CE2B85B8275829310059DE45 /* MarvelRepository.swift in Sources */,
				CE2B85E3275AB5C60059DE45 /* AbilitiesView.swift in Sources */,
				84645F84274EC15A001A997A /* CharacterModel.swift in Sources */,
				CE0A11492750997E0064AA4B /* SearchTableViewController.swift in Sources */,
				848A27D2274D8CA3000CDBCE /* DetailsViewModel.swift in Sources */,
				84DC682A275AC410009B9CAD /* CharactersCollectionHeader.swift in Sources */,
				84E54D00275727CB00A21EDA /* UIColorHelper.swift in Sources */,
				848A27DA274E91AD000CDBCE /* EmptyRepository.swift in Sources */,
				84E54D0E2757D89E00A21EDA /* CharactersCollectionViewController.swift in Sources */,
			);
			runOnlyForDeploymentPostprocessing = 0;
		};
		848A27A3274D5079000CDBCE /* Sources */ = {
			isa = PBXSourcesBuildPhase;
			buildActionMask = 2147483647;
			files = (
				84E54D022757308600A21EDA /* HomeViewModelTest.swift in Sources */,
				CEAED4EF275DA68900319BF6 /* UIColorHelper.swift in Sources */,
				84C7D0F6275DC202000BC67C /* CategoryRowCell.swift in Sources */,
				CEAED4EA275DA53700319BF6 /* AbilitiesView.swift in Sources */,
				84645F7F274E9E1B001A997A /* MarvelAPI.swift in Sources */,
				CE2B85C22758BBBF0059DE45 /* SideMenuController.swift in Sources */,
				CEAED4F0275DA69C00319BF6 /* AbilityProgressBar.swift in Sources */,
				848A27AC274D5079000CDBCE /* MarvelCharsAppTests.swift in Sources */,
				CE2B85BA275829C50059DE45 /* SideMenuViewModelTests.swift in Sources */,
				848A27CF274D8C86000CDBCE /* HomeViewModel.swift in Sources */,
				84C7D0F8275DC20F000BC67C /* CharactersCollectionHeader.swift in Sources */,
				84645F82274E9E53001A997A /* MarvelAPIModel.swift in Sources */,
				84E54D08275734AC00A21EDA /* CategoryModelTest.swift in Sources */,
				84DC6820275A4FA4009B9CAD /* CharactersCollectionViewController.swift in Sources */,
				848A27CB274D8BBC000CDBCE /* DetailsViewController.swift in Sources */,
				CE2B85BF275830490059DE45 /* MarvelRepository.swift in Sources */,
				846B9982274FC1DE0055F2A6 /* CategoryModel.swift in Sources */,
				84C7D0FA275DC22E000BC67C /* CharacterPortraitCell.swift in Sources */,
				84E54D0A2757428D00A21EDA /* CharacterModelTest.swift in Sources */,
				CEAED4EE275DA64700319BF6 /* TextHelper.swift in Sources */,
				84645F85274EC15A001A997A /* CharacterModel.swift in Sources */,
				CEAED4ED275DA64400319BF6 /* UIFontHelper.swift in Sources */,
				848A27D3274D8CA3000CDBCE /* DetailsViewModel.swift in Sources */,
				CEAED4EC275DA63D00319BF6 /* UIViewHelper.swift in Sources */,
				CE7FFE78275ABDF500147FE6 /* SearchViewModel.swift in Sources */,
				CE61C5FE275665B20024F244 /* SearchViewModelTests.swift in Sources */,
				CE2B85C0275830510059DE45 /* SideMenuViewModel.swift in Sources */,
				84C7D0FC275DC27D000BC67C /* UIImageHelper.swift in Sources */,
			);
			runOnlyForDeploymentPostprocessing = 0;
		};
		848A27AD274D5079000CDBCE /* Sources */ = {
			isa = PBXSourcesBuildPhase;
			buildActionMask = 2147483647;
			files = (
				84C7D0FB275DC22E000BC67C /* CharacterPortraitCell.swift in Sources */,
				CEAED4F5275DA79F00319BF6 /* TextHelper.swift in Sources */,
				CEAED4F4275DA70800319BF6 /* AbilityProgressBar.swift in Sources */,
				84E54D062757326E00A21EDA /* MarvelAPIModel.swift in Sources */,
				CEAED4F2275DA6E800319BF6 /* UIColorHelper.swift in Sources */,
				848A27B6274D5079000CDBCE /* MarvelCharsAppUITests.swift in Sources */,
				84C7D0FD275DC27E000BC67C /* UIImageHelper.swift in Sources */,
				CEAED4F1275DA6DD00319BF6 /* UIViewHelper.swift in Sources */,
				848A27B8274D5079000CDBCE /* MarvelCharsAppUITestsLaunchTests.swift in Sources */,
				848A27D4274D8CA3000CDBCE /* DetailsViewModel.swift in Sources */,
				84C7D0F9275DC20F000BC67C /* CharactersCollectionHeader.swift in Sources */,
				84C7D0F7275DC202000BC67C /* CategoryRowCell.swift in Sources */,
				84DC6822275A4FA4009B9CAD /* CharactersCollectionViewController.swift in Sources */,
				84E54D052757321A00A21EDA /* MarvelAPI.swift in Sources */,
				CEAED4EB275DA53A00319BF6 /* AbilitiesView.swift in Sources */,
				84E54D03275731FF00A21EDA /* CharacterModel.swift in Sources */,
				8489D27D275940CD00F57F15 /* MarvelRepository.swift in Sources */,
				84E54D042757320D00A21EDA /* CategoryModel.swift in Sources */,
				848A27CC274D8BBC000CDBCE /* DetailsViewController.swift in Sources */,
				CEAED4F3275DA6F800319BF6 /* UIFontHelper.swift in Sources */,
				848A27D0274D8C86000CDBCE /* HomeViewModel.swift in Sources */,
			);
			runOnlyForDeploymentPostprocessing = 0;
		};
/* End PBXSourcesBuildPhase section */

/* Begin PBXTargetDependency section */
		848A27A9274D5079000CDBCE /* PBXTargetDependency */ = {
			isa = PBXTargetDependency;
			target = 848A2790274D5077000CDBCE /* MarvelCharsApp */;
			targetProxy = 848A27A8274D5079000CDBCE /* PBXContainerItemProxy */;
		};
		848A27B3274D5079000CDBCE /* PBXTargetDependency */ = {
			isa = PBXTargetDependency;
			target = 848A2790274D5077000CDBCE /* MarvelCharsApp */;
			targetProxy = 848A27B2274D5079000CDBCE /* PBXContainerItemProxy */;
		};
/* End PBXTargetDependency section */

/* Begin PBXVariantGroup section */
		848A279A274D5077000CDBCE /* Main.storyboard */ = {
			isa = PBXVariantGroup;
			children = (
				848A279B274D5077000CDBCE /* Base */,
			);
			name = Main.storyboard;
			sourceTree = "<group>";
		};
		848A279F274D5079000CDBCE /* LaunchScreen.storyboard */ = {
			isa = PBXVariantGroup;
			children = (
				848A27A0274D5079000CDBCE /* Base */,
			);
			name = LaunchScreen.storyboard;
			sourceTree = "<group>";
		};
/* End PBXVariantGroup section */

/* Begin XCBuildConfiguration section */
		848A27B9274D5079000CDBCE /* Debug */ = {
			isa = XCBuildConfiguration;
			buildSettings = {
				ALWAYS_SEARCH_USER_PATHS = NO;
				CLANG_ANALYZER_NONNULL = YES;
				CLANG_ANALYZER_NUMBER_OBJECT_CONVERSION = YES_AGGRESSIVE;
				CLANG_CXX_LANGUAGE_STANDARD = "gnu++17";
				CLANG_CXX_LIBRARY = "libc++";
				CLANG_ENABLE_MODULES = YES;
				CLANG_ENABLE_OBJC_ARC = YES;
				CLANG_ENABLE_OBJC_WEAK = YES;
				CLANG_WARN_BLOCK_CAPTURE_AUTORELEASING = YES;
				CLANG_WARN_BOOL_CONVERSION = YES;
				CLANG_WARN_COMMA = YES;
				CLANG_WARN_CONSTANT_CONVERSION = YES;
				CLANG_WARN_DEPRECATED_OBJC_IMPLEMENTATIONS = YES;
				CLANG_WARN_DIRECT_OBJC_ISA_USAGE = YES_ERROR;
				CLANG_WARN_DOCUMENTATION_COMMENTS = YES;
				CLANG_WARN_EMPTY_BODY = YES;
				CLANG_WARN_ENUM_CONVERSION = YES;
				CLANG_WARN_INFINITE_RECURSION = YES;
				CLANG_WARN_INT_CONVERSION = YES;
				CLANG_WARN_NON_LITERAL_NULL_CONVERSION = YES;
				CLANG_WARN_OBJC_IMPLICIT_RETAIN_SELF = YES;
				CLANG_WARN_OBJC_LITERAL_CONVERSION = YES;
				CLANG_WARN_OBJC_ROOT_CLASS = YES_ERROR;
				CLANG_WARN_QUOTED_INCLUDE_IN_FRAMEWORK_HEADER = YES;
				CLANG_WARN_RANGE_LOOP_ANALYSIS = YES;
				CLANG_WARN_STRICT_PROTOTYPES = YES;
				CLANG_WARN_SUSPICIOUS_MOVE = YES;
				CLANG_WARN_UNGUARDED_AVAILABILITY = YES_AGGRESSIVE;
				CLANG_WARN_UNREACHABLE_CODE = YES;
				CLANG_WARN__DUPLICATE_METHOD_MATCH = YES;
				COPY_PHASE_STRIP = NO;
				DEBUG_INFORMATION_FORMAT = dwarf;
				ENABLE_STRICT_OBJC_MSGSEND = YES;
				ENABLE_TESTABILITY = YES;
				GCC_C_LANGUAGE_STANDARD = gnu11;
				GCC_DYNAMIC_NO_PIC = NO;
				GCC_NO_COMMON_BLOCKS = YES;
				GCC_OPTIMIZATION_LEVEL = 0;
				GCC_PREPROCESSOR_DEFINITIONS = (
					"DEBUG=1",
					"$(inherited)",
				);
				GCC_WARN_64_TO_32_BIT_CONVERSION = YES;
				GCC_WARN_ABOUT_RETURN_TYPE = YES_ERROR;
				GCC_WARN_UNDECLARED_SELECTOR = YES;
				GCC_WARN_UNINITIALIZED_AUTOS = YES_AGGRESSIVE;
				GCC_WARN_UNUSED_FUNCTION = YES;
				GCC_WARN_UNUSED_VARIABLE = YES;
				IPHONEOS_DEPLOYMENT_TARGET = 15.0;
				MTL_ENABLE_DEBUG_INFO = INCLUDE_SOURCE;
				MTL_FAST_MATH = YES;
				ONLY_ACTIVE_ARCH = YES;
				SDKROOT = iphoneos;
				SWIFT_ACTIVE_COMPILATION_CONDITIONS = DEBUG;
				SWIFT_OPTIMIZATION_LEVEL = "-Onone";
			};
			name = Debug;
		};
		848A27BA274D5079000CDBCE /* Release */ = {
			isa = XCBuildConfiguration;
			buildSettings = {
				ALWAYS_SEARCH_USER_PATHS = NO;
				CLANG_ANALYZER_NONNULL = YES;
				CLANG_ANALYZER_NUMBER_OBJECT_CONVERSION = YES_AGGRESSIVE;
				CLANG_CXX_LANGUAGE_STANDARD = "gnu++17";
				CLANG_CXX_LIBRARY = "libc++";
				CLANG_ENABLE_MODULES = YES;
				CLANG_ENABLE_OBJC_ARC = YES;
				CLANG_ENABLE_OBJC_WEAK = YES;
				CLANG_WARN_BLOCK_CAPTURE_AUTORELEASING = YES;
				CLANG_WARN_BOOL_CONVERSION = YES;
				CLANG_WARN_COMMA = YES;
				CLANG_WARN_CONSTANT_CONVERSION = YES;
				CLANG_WARN_DEPRECATED_OBJC_IMPLEMENTATIONS = YES;
				CLANG_WARN_DIRECT_OBJC_ISA_USAGE = YES_ERROR;
				CLANG_WARN_DOCUMENTATION_COMMENTS = YES;
				CLANG_WARN_EMPTY_BODY = YES;
				CLANG_WARN_ENUM_CONVERSION = YES;
				CLANG_WARN_INFINITE_RECURSION = YES;
				CLANG_WARN_INT_CONVERSION = YES;
				CLANG_WARN_NON_LITERAL_NULL_CONVERSION = YES;
				CLANG_WARN_OBJC_IMPLICIT_RETAIN_SELF = YES;
				CLANG_WARN_OBJC_LITERAL_CONVERSION = YES;
				CLANG_WARN_OBJC_ROOT_CLASS = YES_ERROR;
				CLANG_WARN_QUOTED_INCLUDE_IN_FRAMEWORK_HEADER = YES;
				CLANG_WARN_RANGE_LOOP_ANALYSIS = YES;
				CLANG_WARN_STRICT_PROTOTYPES = YES;
				CLANG_WARN_SUSPICIOUS_MOVE = YES;
				CLANG_WARN_UNGUARDED_AVAILABILITY = YES_AGGRESSIVE;
				CLANG_WARN_UNREACHABLE_CODE = YES;
				CLANG_WARN__DUPLICATE_METHOD_MATCH = YES;
				COPY_PHASE_STRIP = NO;
				DEBUG_INFORMATION_FORMAT = "dwarf-with-dsym";
				ENABLE_NS_ASSERTIONS = NO;
				ENABLE_STRICT_OBJC_MSGSEND = YES;
				GCC_C_LANGUAGE_STANDARD = gnu11;
				GCC_NO_COMMON_BLOCKS = YES;
				GCC_WARN_64_TO_32_BIT_CONVERSION = YES;
				GCC_WARN_ABOUT_RETURN_TYPE = YES_ERROR;
				GCC_WARN_UNDECLARED_SELECTOR = YES;
				GCC_WARN_UNINITIALIZED_AUTOS = YES_AGGRESSIVE;
				GCC_WARN_UNUSED_FUNCTION = YES;
				GCC_WARN_UNUSED_VARIABLE = YES;
				IPHONEOS_DEPLOYMENT_TARGET = 15.0;
				MTL_ENABLE_DEBUG_INFO = NO;
				MTL_FAST_MATH = YES;
				SDKROOT = iphoneos;
				SWIFT_COMPILATION_MODE = wholemodule;
				SWIFT_OPTIMIZATION_LEVEL = "-O";
				VALIDATE_PRODUCT = YES;
			};
			name = Release;
		};
		848A27BC274D5079000CDBCE /* Debug */ = {
			isa = XCBuildConfiguration;
			baseConfigurationReference = 468AFCEA70CC1007A83AD627 /* Pods-MarvelCharsApp.debug.xcconfig */;
			buildSettings = {
				ASSETCATALOG_COMPILER_APPICON_NAME = AppIcon;
				ASSETCATALOG_COMPILER_GLOBAL_ACCENT_COLOR_NAME = AccentColor;
				CODE_SIGN_STYLE = Automatic;
				CURRENT_PROJECT_VERSION = 1;
				GENERATE_INFOPLIST_FILE = YES;
				INFOPLIST_FILE = MarvelCharsApp/Info.plist;
				INFOPLIST_KEY_CFBundleDisplayName = "Marvel Chars";
				INFOPLIST_KEY_UIApplicationSupportsIndirectInputEvents = YES;
				INFOPLIST_KEY_UILaunchStoryboardName = LaunchScreen;
				INFOPLIST_KEY_UIMainStoryboardFile = Main;
				INFOPLIST_KEY_UISupportedInterfaceOrientations_iPad = "UIInterfaceOrientationPortrait UIInterfaceOrientationPortraitUpsideDown UIInterfaceOrientationLandscapeLeft UIInterfaceOrientationLandscapeRight";
				INFOPLIST_KEY_UISupportedInterfaceOrientations_iPhone = "UIInterfaceOrientationPortrait UIInterfaceOrientationLandscapeLeft UIInterfaceOrientationLandscapeRight";
				LD_RUNPATH_SEARCH_PATHS = (
					"$(inherited)",
					"@executable_path/Frameworks",
				);
				MARKETING_VERSION = 0.1;
				PRODUCT_BUNDLE_IDENTIFIER = com.jf.MarvelCharsApp;
				PRODUCT_NAME = "$(TARGET_NAME)";
				SWIFT_EMIT_LOC_STRINGS = YES;
				SWIFT_VERSION = 5.0;
				TARGETED_DEVICE_FAMILY = "1,2";
			};
			name = Debug;
		};
		848A27BD274D5079000CDBCE /* Release */ = {
			isa = XCBuildConfiguration;
			baseConfigurationReference = B98BCFD09B6CA517BEAD51C5 /* Pods-MarvelCharsApp.release.xcconfig */;
			buildSettings = {
				ASSETCATALOG_COMPILER_APPICON_NAME = AppIcon;
				ASSETCATALOG_COMPILER_GLOBAL_ACCENT_COLOR_NAME = AccentColor;
				CODE_SIGN_STYLE = Automatic;
				CURRENT_PROJECT_VERSION = 1;
				GENERATE_INFOPLIST_FILE = YES;
				INFOPLIST_FILE = MarvelCharsApp/Info.plist;
				INFOPLIST_KEY_CFBundleDisplayName = "Marvel Chars";
				INFOPLIST_KEY_UIApplicationSupportsIndirectInputEvents = YES;
				INFOPLIST_KEY_UILaunchStoryboardName = LaunchScreen;
				INFOPLIST_KEY_UIMainStoryboardFile = Main;
				INFOPLIST_KEY_UISupportedInterfaceOrientations_iPad = "UIInterfaceOrientationPortrait UIInterfaceOrientationPortraitUpsideDown UIInterfaceOrientationLandscapeLeft UIInterfaceOrientationLandscapeRight";
				INFOPLIST_KEY_UISupportedInterfaceOrientations_iPhone = "UIInterfaceOrientationPortrait UIInterfaceOrientationLandscapeLeft UIInterfaceOrientationLandscapeRight";
				LD_RUNPATH_SEARCH_PATHS = (
					"$(inherited)",
					"@executable_path/Frameworks",
				);
				MARKETING_VERSION = 0.1;
				PRODUCT_BUNDLE_IDENTIFIER = com.jf.MarvelCharsApp;
				PRODUCT_NAME = "$(TARGET_NAME)";
				SWIFT_EMIT_LOC_STRINGS = YES;
				SWIFT_VERSION = 5.0;
				TARGETED_DEVICE_FAMILY = "1,2";
			};
			name = Release;
		};
		848A27BF274D5079000CDBCE /* Debug */ = {
			isa = XCBuildConfiguration;
			baseConfigurationReference = CBF0BAF1FB022BB73650B604 /* Pods-MarvelCharsAppTests.debug.xcconfig */;
			buildSettings = {
				ALWAYS_EMBED_SWIFT_STANDARD_LIBRARIES = YES;
				BUNDLE_LOADER = "$(TEST_HOST)";
				CODE_SIGN_STYLE = Automatic;
				CURRENT_PROJECT_VERSION = 1;
				GENERATE_INFOPLIST_FILE = YES;
				IPHONEOS_DEPLOYMENT_TARGET = 15.0;
				LD_RUNPATH_SEARCH_PATHS = (
					"$(inherited)",
					"@executable_path/Frameworks",
					"@loader_path/Frameworks",
				);
				MARKETING_VERSION = 1.0;
				PRODUCT_BUNDLE_IDENTIFIER = com.jf.MarvelCharsAppTests;
				PRODUCT_NAME = "$(TARGET_NAME)";
				SWIFT_EMIT_LOC_STRINGS = NO;
				SWIFT_VERSION = 5.0;
				TARGETED_DEVICE_FAMILY = "1,2";
				TEST_HOST = "$(BUILT_PRODUCTS_DIR)/MarvelCharsApp.app/MarvelCharsApp";
			};
			name = Debug;
		};
		848A27C0274D5079000CDBCE /* Release */ = {
			isa = XCBuildConfiguration;
			baseConfigurationReference = EC2100C015AF4FAD404893C0 /* Pods-MarvelCharsAppTests.release.xcconfig */;
			buildSettings = {
				ALWAYS_EMBED_SWIFT_STANDARD_LIBRARIES = YES;
				BUNDLE_LOADER = "$(TEST_HOST)";
				CODE_SIGN_STYLE = Automatic;
				CURRENT_PROJECT_VERSION = 1;
				GENERATE_INFOPLIST_FILE = YES;
				IPHONEOS_DEPLOYMENT_TARGET = 15.0;
				LD_RUNPATH_SEARCH_PATHS = (
					"$(inherited)",
					"@executable_path/Frameworks",
					"@loader_path/Frameworks",
				);
				MARKETING_VERSION = 1.0;
				PRODUCT_BUNDLE_IDENTIFIER = com.jf.MarvelCharsAppTests;
				PRODUCT_NAME = "$(TARGET_NAME)";
				SWIFT_EMIT_LOC_STRINGS = NO;
				SWIFT_VERSION = 5.0;
				TARGETED_DEVICE_FAMILY = "1,2";
				TEST_HOST = "$(BUILT_PRODUCTS_DIR)/MarvelCharsApp.app/MarvelCharsApp";
			};
			name = Release;
		};
		848A27C2274D5079000CDBCE /* Debug */ = {
			isa = XCBuildConfiguration;
			baseConfigurationReference = 5CF25607B30EE578E83E0C7C /* Pods-MarvelCharsApp-MarvelCharsAppUITests.debug.xcconfig */;
			buildSettings = {
				ALWAYS_EMBED_SWIFT_STANDARD_LIBRARIES = YES;
				CODE_SIGN_STYLE = Automatic;
				CURRENT_PROJECT_VERSION = 1;
				GENERATE_INFOPLIST_FILE = YES;
				LD_RUNPATH_SEARCH_PATHS = (
					"$(inherited)",
					"@executable_path/Frameworks",
					"@loader_path/Frameworks",
				);
				MARKETING_VERSION = 1.0;
				PRODUCT_BUNDLE_IDENTIFIER = com.jf.MarvelCharsAppUITests;
				PRODUCT_NAME = "$(TARGET_NAME)";
				SWIFT_EMIT_LOC_STRINGS = NO;
				SWIFT_VERSION = 5.0;
				TARGETED_DEVICE_FAMILY = "1,2";
				TEST_TARGET_NAME = MarvelCharsApp;
			};
			name = Debug;
		};
		848A27C3274D5079000CDBCE /* Release */ = {
			isa = XCBuildConfiguration;
			baseConfigurationReference = BC2B183B3E4A01B5CD5F7108 /* Pods-MarvelCharsApp-MarvelCharsAppUITests.release.xcconfig */;
			buildSettings = {
				ALWAYS_EMBED_SWIFT_STANDARD_LIBRARIES = YES;
				CODE_SIGN_STYLE = Automatic;
				CURRENT_PROJECT_VERSION = 1;
				GENERATE_INFOPLIST_FILE = YES;
				LD_RUNPATH_SEARCH_PATHS = (
					"$(inherited)",
					"@executable_path/Frameworks",
					"@loader_path/Frameworks",
				);
				MARKETING_VERSION = 1.0;
				PRODUCT_BUNDLE_IDENTIFIER = com.jf.MarvelCharsAppUITests;
				PRODUCT_NAME = "$(TARGET_NAME)";
				SWIFT_EMIT_LOC_STRINGS = NO;
				SWIFT_VERSION = 5.0;
				TARGETED_DEVICE_FAMILY = "1,2";
				TEST_TARGET_NAME = MarvelCharsApp;
			};
			name = Release;
		};
/* End XCBuildConfiguration section */

/* Begin XCConfigurationList section */
		848A278C274D5077000CDBCE /* Build configuration list for PBXProject "MarvelCharsApp" */ = {
			isa = XCConfigurationList;
			buildConfigurations = (
				848A27B9274D5079000CDBCE /* Debug */,
				848A27BA274D5079000CDBCE /* Release */,
			);
			defaultConfigurationIsVisible = 0;
			defaultConfigurationName = Release;
		};
		848A27BB274D5079000CDBCE /* Build configuration list for PBXNativeTarget "MarvelCharsApp" */ = {
			isa = XCConfigurationList;
			buildConfigurations = (
				848A27BC274D5079000CDBCE /* Debug */,
				848A27BD274D5079000CDBCE /* Release */,
			);
			defaultConfigurationIsVisible = 0;
			defaultConfigurationName = Release;
		};
		848A27BE274D5079000CDBCE /* Build configuration list for PBXNativeTarget "MarvelCharsAppTests" */ = {
			isa = XCConfigurationList;
			buildConfigurations = (
				848A27BF274D5079000CDBCE /* Debug */,
				848A27C0274D5079000CDBCE /* Release */,
			);
			defaultConfigurationIsVisible = 0;
			defaultConfigurationName = Release;
		};
		848A27C1274D5079000CDBCE /* Build configuration list for PBXNativeTarget "MarvelCharsAppUITests" */ = {
			isa = XCConfigurationList;
			buildConfigurations = (
				848A27C2274D5079000CDBCE /* Debug */,
				848A27C3274D5079000CDBCE /* Release */,
			);
			defaultConfigurationIsVisible = 0;
			defaultConfigurationName = Release;
		};
/* End XCConfigurationList section */
	};
	rootObject = 848A2789274D5077000CDBCE /* Project object */;
}
