PODS:
  - SideMenu (6.5.0)
  - SwiftLint (0.45.1)

DEPENDENCIES:
  - SideMenu (~> 6.5.0)
  - SwiftLint

SPEC REPOS:
  trunk:
    - SideMenu
    - SwiftLint

SPEC CHECKSUMS:
  SideMenu: f583187d21c5b1dd04c72002be544b555a2627a2
  SwiftLint: 06ac37e4d38c7068e0935bb30cda95f093bec761

PODFILE CHECKSUM: fc59edb3c416ed39e4bc1a9f1d7bf11e0c7fc9e9

COCOAPODS: 1.11.2
